
Microsoft Visual Studio Solution File, Format Version 12.00
# Visual Studio 15
VisualStudioVersion = 15.0.28307.438
MinimumVisualStudioVersion = 10.0.40219.1
Project("{FAE04EC0-301F-11D3-BF4B-00C04F79EFBC}") = "Viewer", "Mcpe\Viewer.csproj", "{8622EECC-D336-418B-A9CB-7235E578FA90}"
EndProject
Project("{FAE04EC0-301F-11D3-BF4B-00C04F79EFBC}") = "leveldb-sharp", "leveldb-sharp-1.9.2\leveldb-sharp.csproj", "{8DD96596-38AC-46DD-80C1-75D9EBE585EA}"
EndProject
Project("{FAE04EC0-301F-11D3-BF4B-00C04F79EFBC}") = "ConsoleTester", "ConsoleTester\ConsoleTester.csproj", "{11364FF0-984E-4FE0-BA39-C57012D83EDD}"
EndProject
Project("{9A19103F-16F7-4668-BE54-9A1E7A4F7556}") = "Maploader", "Maploader\Maploader.csproj", "{5A307016-F416-402D-B5DF-023E8F1A3120}"
EndProject
Project("{9A19103F-16F7-4668-BE54-9A1E7A4F7556}") = "leveldb-sharp-std", "leveldb-sharp-std\leveldb-sharp-std.csproj", "{54B47E8B-B57C-4AF2-8CBE-B850D9913DD5}"
EndProject
Project("{FAE04EC0-301F-11D3-BF4B-00C04F79EFBC}") = "Maploader.Tests", "Maploader.Tests\Maploader.Tests.csproj", "{2E0657C3-51E7-434B-BF72-C506402F0FC7}"
EndProject
Project("{9A19103F-16F7-4668-BE54-9A1E7A4F7556}") = "PapyrusCs", "PapyrusCs\PapyrusCs.csproj", "{64ACD805-CE05-4A59-98FF-FBCD3E95134B}"
EndProject
Project("{2150E333-8FDC-42A3-9474-1A3956D46DE8}") = "ImageFormats-std", "ImageFormats-std", "{6D666B11-D13A-44FB-8D2C-80A0334D5C4D}"
	ProjectSection(SolutionItems) = preProject
		Imports\ImageFormats-std\ImageFormats-std.deps.json = Imports\ImageFormats-std\ImageFormats-std.deps.json
		Imports\ImageFormats-std\ImageFormats-std.dll = Imports\ImageFormats-std\ImageFormats-std.dll
		Imports\ImageFormats-std\ImageFormats-std.pdb = Imports\ImageFormats-std\ImageFormats-std.pdb
	EndProjectSection
EndProject
Project("{2150E333-8FDC-42A3-9474-1A3956D46DE8}") = "Tests", "Tests", "{11421248-2E1B-4166-A405-CC9689AB28EA}"
EndProject
Project("{2150E333-8FDC-42A3-9474-1A3956D46DE8}") = "Libraries", "Libraries", "{F2FA56EB-053B-4EC7-895C-02A0AA7A74E2}"
EndProject
Global
	GlobalSection(SolutionConfigurationPlatforms) = preSolution
		Debug|Any CPU = Debug|Any CPU
		Release|Any CPU = Release|Any CPU
	EndGlobalSection
	GlobalSection(ProjectConfigurationPlatforms) = postSolution
		{8622EECC-D336-418B-A9CB-7235E578FA90}.Debug|Any CPU.ActiveCfg = Debug|Any CPU
		{8622EECC-D336-418B-A9CB-7235E578FA90}.Debug|Any CPU.Build.0 = Debug|Any CPU
		{8622EECC-D336-418B-A9CB-7235E578FA90}.Release|Any CPU.ActiveCfg = Release|Any CPU
		{8622EECC-D336-418B-A9CB-7235E578FA90}.Release|Any CPU.Build.0 = Release|Any CPU
		{8DD96596-38AC-46DD-80C1-75D9EBE585EA}.Debug|Any CPU.ActiveCfg = Debug|Any CPU
		{8DD96596-38AC-46DD-80C1-75D9EBE585EA}.Debug|Any CPU.Build.0 = Debug|Any CPU
		{8DD96596-38AC-46DD-80C1-75D9EBE585EA}.Release|Any CPU.ActiveCfg = Release|Any CPU
		{8DD96596-38AC-46DD-80C1-75D9EBE585EA}.Release|Any CPU.Build.0 = Release|Any CPU
		{11364FF0-984E-4FE0-BA39-C57012D83EDD}.Debug|Any CPU.ActiveCfg = Debug|Any CPU
		{11364FF0-984E-4FE0-BA39-C57012D83EDD}.Debug|Any CPU.Build.0 = Debug|Any CPU
		{11364FF0-984E-4FE0-BA39-C57012D83EDD}.Release|Any CPU.ActiveCfg = Release|Any CPU
		{11364FF0-984E-4FE0-BA39-C57012D83EDD}.Release|Any CPU.Build.0 = Release|Any CPU
		{5A307016-F416-402D-B5DF-023E8F1A3120}.Debug|Any CPU.ActiveCfg = Debug|Any CPU
		{5A307016-F416-402D-B5DF-023E8F1A3120}.Debug|Any CPU.Build.0 = Debug|Any CPU
		{5A307016-F416-402D-B5DF-023E8F1A3120}.Release|Any CPU.ActiveCfg = Release|Any CPU
		{5A307016-F416-402D-B5DF-023E8F1A3120}.Release|Any CPU.Build.0 = Release|Any CPU
		{54B47E8B-B57C-4AF2-8CBE-B850D9913DD5}.Debug|Any CPU.ActiveCfg = Debug|Any CPU
		{54B47E8B-B57C-4AF2-8CBE-B850D9913DD5}.Debug|Any CPU.Build.0 = Debug|Any CPU
		{54B47E8B-B57C-4AF2-8CBE-B850D9913DD5}.Release|Any CPU.ActiveCfg = Release|Any CPU
		{54B47E8B-B57C-4AF2-8CBE-B850D9913DD5}.Release|Any CPU.Build.0 = Release|Any CPU
		{2E0657C3-51E7-434B-BF72-C506402F0FC7}.Debug|Any CPU.ActiveCfg = Debug|Any CPU
		{2E0657C3-51E7-434B-BF72-C506402F0FC7}.Debug|Any CPU.Build.0 = Debug|Any CPU
		{2E0657C3-51E7-434B-BF72-C506402F0FC7}.Release|Any CPU.ActiveCfg = Release|Any CPU
		{2E0657C3-51E7-434B-BF72-C506402F0FC7}.Release|Any CPU.Build.0 = Release|Any CPU
		{64ACD805-CE05-4A59-98FF-FBCD3E95134B}.Debug|Any CPU.ActiveCfg = Debug|Any CPU
		{64ACD805-CE05-4A59-98FF-FBCD3E95134B}.Debug|Any CPU.Build.0 = Debug|Any CPU
		{64ACD805-CE05-4A59-98FF-FBCD3E95134B}.Release|Any CPU.ActiveCfg = Release|Any CPU
		{64ACD805-CE05-4A59-98FF-FBCD3E95134B}.Release|Any CPU.Build.0 = Release|Any CPU
	EndGlobalSection
	GlobalSection(SolutionProperties) = preSolution
		HideSolutionNode = FALSE
	EndGlobalSection
	GlobalSection(NestedProjects) = preSolution
		{8DD96596-38AC-46DD-80C1-75D9EBE585EA} = {F2FA56EB-053B-4EC7-895C-02A0AA7A74E2}
		{11364FF0-984E-4FE0-BA39-C57012D83EDD} = {11421248-2E1B-4166-A405-CC9689AB28EA}
		{54B47E8B-B57C-4AF2-8CBE-B850D9913DD5} = {F2FA56EB-053B-4EC7-895C-02A0AA7A74E2}
		{2E0657C3-51E7-434B-BF72-C506402F0FC7} = {11421248-2E1B-4166-A405-CC9689AB28EA}
		{6D666B11-D13A-44FB-8D2C-80A0334D5C4D} = {F2FA56EB-053B-4EC7-895C-02A0AA7A74E2}
	EndGlobalSection
	GlobalSection(ExtensibilityGlobals) = postSolution
		SolutionGuid = {7FD2B97D-1D26-42C7-AE29-DE91EC8F9BF7}
	EndGlobalSection
EndGlobal
