
Microsoft Visual Studio Solution File, Format Version 12.00
# Visual Studio Version 17
VisualStudioVersion = 17.6.33829.357
MinimumVisualStudioVersion = 10.0.40219.1
Project("{9A19103F-16F7-4668-BE54-9A1E7A4F7556}") = "Maploader", "Maploader\Maploader.csproj", "{5A307016-F416-402D-B5DF-023E8F1A3120}"
EndProject
Project("{9A19103F-16F7-4668-BE54-9A1E7A4F7556}") = "leveldb-sharp-std", "leveldb-sharp-std\leveldb-sharp-std.csproj", "{54B47E8B-B57C-4AF2-8CBE-B850D9913DD5}"
EndProject
Project("{9A19103F-16F7-4668-BE54-9A1E7A4F7556}") = "PapyrusCs", "PapyrusCs\PapyrusCs.csproj", "{64ACD805-CE05-4A59-98FF-FBCD3E95134B}"
EndProject
Project("{2150E333-8FDC-42A3-9474-1A3956D46DE8}") = "ImageFormats-std", "ImageFormats-std", "{6D666B11-D13A-44FB-8D2C-80A0334D5C4D}"
	ProjectSection(SolutionItems) = preProject
		Imports\ImageFormats-std\ImageFormats-std.deps.json = Imports\ImageFormats-std\ImageFormats-std.deps.json
		Imports\ImageFormats-std\ImageFormats-std.dll = Imports\ImageFormats-std\ImageFormats-std.dll
		Imports\ImageFormats-std\ImageFormats-std.pdb = Imports\ImageFormats-std\ImageFormats-std.pdb
		license.md = license.md
	EndProjectSection
EndProject
Project("{2150E333-8FDC-42A3-9474-1A3956D46DE8}") = "Tests", "Tests", "{11421248-2E1B-4166-A405-CC9689AB28EA}"
EndProject
Project("{2150E333-8FDC-42A3-9474-1A3956D46DE8}") = "Libraries", "Libraries", "{F2FA56EB-053B-4EC7-895C-02A0AA7A74E2}"
EndProject
Project("{2150E333-8FDC-42A3-9474-1A3956D46DE8}") = "Solution Items", "Solution Items", "{57A269D8-FF08-4E78-A1F5-FAE8B78DBD31}"
	ProjectSection(SolutionItems) = preProject
		readme.md = readme.md
	EndProjectSection
EndProject
Project("{9A19103F-16F7-4668-BE54-9A1E7A4F7556}") = "MapLoader.Tests", "MapLoader.Tests\MapLoader.Tests.csproj", "{8A87A116-D0B8-4B0A-A543-0086BA77B74B}"
EndProject
Project("{9A19103F-16F7-4668-BE54-9A1E7A4F7556}") = "PapyrusCs.Tests", "PapyrusCs.Tests.Core\PapyrusCs.Tests.csproj", "{7857B9C7-64DF-459B-A558-0BF1AA2E6DFC}"
EndProject
Project("{9A19103F-16F7-4668-BE54-9A1E7A4F7556}") = "Imazen.WebP-std", "Imazen.WebP-std\Imazen.WebP-std.csproj", "{82CCF552-5A68-4C6A-B3F3-A40550D47990}"
EndProject
Project("{9A19103F-16F7-4668-BE54-9A1E7A4F7556}") = "PapyrusAlgorithms", "PapyrusAlgorithms\PapyrusAlgorithms.csproj", "{5CF3BA5F-F44B-458A-9BC7-67BD5B734B29}"
EndProject
Global
	GlobalSection(SolutionConfigurationPlatforms) = preSolution
		Debug|Any CPU = Debug|Any CPU
		Release|Any CPU = Release|Any CPU
	EndGlobalSection
	GlobalSection(ProjectConfigurationPlatforms) = postSolution
		{5A307016-F416-402D-B5DF-023E8F1A3120}.Debug|Any CPU.ActiveCfg = Debug|Any CPU
		{5A307016-F416-402D-B5DF-023E8F1A3120}.Debug|Any CPU.Build.0 = Debug|Any CPU
		{5A307016-F416-402D-B5DF-023E8F1A3120}.Release|Any CPU.ActiveCfg = Release|Any CPU
		{5A307016-F416-402D-B5DF-023E8F1A3120}.Release|Any CPU.Build.0 = Release|Any CPU
		{54B47E8B-B57C-4AF2-8CBE-B850D9913DD5}.Debug|Any CPU.ActiveCfg = Debug|Any CPU
		{54B47E8B-B57C-4AF2-8CBE-B850D9913DD5}.Debug|Any CPU.Build.0 = Debug|Any CPU
		{54B47E8B-B57C-4AF2-8CBE-B850D9913DD5}.Release|Any CPU.ActiveCfg = Release|Any CPU
		{54B47E8B-B57C-4AF2-8CBE-B850D9913DD5}.Release|Any CPU.Build.0 = Release|Any CPU
		{64ACD805-CE05-4A59-98FF-FBCD3E95134B}.Debug|Any CPU.ActiveCfg = Debug|Any CPU
		{64ACD805-CE05-4A59-98FF-FBCD3E95134B}.Debug|Any CPU.Build.0 = Debug|Any CPU
		{64ACD805-CE05-4A59-98FF-FBCD3E95134B}.Release|Any CPU.ActiveCfg = Release|Any CPU
		{64ACD805-CE05-4A59-98FF-FBCD3E95134B}.Release|Any CPU.Build.0 = Release|Any CPU
		{8A87A116-D0B8-4B0A-A543-0086BA77B74B}.Debug|Any CPU.ActiveCfg = Debug|Any CPU
		{8A87A116-D0B8-4B0A-A543-0086BA77B74B}.Debug|Any CPU.Build.0 = Debug|Any CPU
		{8A87A116-D0B8-4B0A-A543-0086BA77B74B}.Release|Any CPU.ActiveCfg = Release|Any CPU
		{8A87A116-D0B8-4B0A-A543-0086BA77B74B}.Release|Any CPU.Build.0 = Release|Any CPU
		{7857B9C7-64DF-459B-A558-0BF1AA2E6DFC}.Debug|Any CPU.ActiveCfg = Debug|Any CPU
		{7857B9C7-64DF-459B-A558-0BF1AA2E6DFC}.Debug|Any CPU.Build.0 = Debug|Any CPU
		{7857B9C7-64DF-459B-A558-0BF1AA2E6DFC}.Release|Any CPU.ActiveCfg = Release|Any CPU
		{7857B9C7-64DF-459B-A558-0BF1AA2E6DFC}.Release|Any CPU.Build.0 = Release|Any CPU
		{82CCF552-5A68-4C6A-B3F3-A40550D47990}.Debug|Any CPU.ActiveCfg = Debug|Any CPU
		{82CCF552-5A68-4C6A-B3F3-A40550D47990}.Debug|Any CPU.Build.0 = Debug|Any CPU
		{82CCF552-5A68-4C6A-B3F3-A40550D47990}.Release|Any CPU.ActiveCfg = Release|Any CPU
		{82CCF552-5A68-4C6A-B3F3-A40550D47990}.Release|Any CPU.Build.0 = Release|Any CPU
		{5CF3BA5F-F44B-458A-9BC7-67BD5B734B29}.Debug|Any CPU.ActiveCfg = Debug|Any CPU
		{5CF3BA5F-F44B-458A-9BC7-67BD5B734B29}.Debug|Any CPU.Build.0 = Debug|Any CPU
		{5CF3BA5F-F44B-458A-9BC7-67BD5B734B29}.Release|Any CPU.ActiveCfg = Release|Any CPU
		{5CF3BA5F-F44B-458A-9BC7-67BD5B734B29}.Release|Any CPU.Build.0 = Release|Any CPU
	EndGlobalSection
	GlobalSection(SolutionProperties) = preSolution
		HideSolutionNode = FALSE
	EndGlobalSection
	GlobalSection(NestedProjects) = preSolution
		{54B47E8B-B57C-4AF2-8CBE-B850D9913DD5} = {F2FA56EB-053B-4EC7-895C-02A0AA7A74E2}
		{6D666B11-D13A-44FB-8D2C-80A0334D5C4D} = {F2FA56EB-053B-4EC7-895C-02A0AA7A74E2}
		{8A87A116-D0B8-4B0A-A543-0086BA77B74B} = {11421248-2E1B-4166-A405-CC9689AB28EA}
		{7857B9C7-64DF-459B-A558-0BF1AA2E6DFC} = {11421248-2E1B-4166-A405-CC9689AB28EA}
		{82CCF552-5A68-4C6A-B3F3-A40550D47990} = {F2FA56EB-053B-4EC7-895C-02A0AA7A74E2}
	EndGlobalSection
	GlobalSection(ExtensibilityGlobals) = postSolution
		SolutionGuid = {7FD2B97D-1D26-42C7-AE29-DE91EC8F9BF7}
	EndGlobalSection
EndGlobal
